// !$*UTF8*$!
{
	archiveVersion = 1;
	classes = {};
	objectVersion = 77;
	objects = {

/* Begin PBXBuildFile section */
		C10000000000000000000101 /* Assets.xcassets in Resources */ = {isa = PBXBuildFile; fileRef = C10000000000000000000201 /* Assets.xcassets */; };
		A10000000000000000000101 /* CareLabelApp.swift in Sources */ = {isa = PBXBuildFile; fileRef = A10000000000000000000201 /* CareLabelApp.swift */; };
		A10000000000000000000103 /* CareLabelLaunchTests.swift in Sources */ = {isa = PBXBuildFile; fileRef = A10000000000000000000203 /* CareLabelLaunchTests.swift */; };
		A10000000000000000000104 /* CareKit in Frameworks */ = {isa = PBXBuildFile; productRef = A10000000000000000000801 /* CareKit */; };
		A10000000000000000000105 /* CareStore in Frameworks */ = {isa = PBXBuildFile; productRef = A10000000000000000000802 /* CareStore */; };
		A10000000000000000000106 /* UIKitPhotoDownsampler.swift in Sources */ = {isa = PBXBuildFile; fileRef = A10000000000000000000206 /* UIKitPhotoDownsampler.swift */; };
		A10000000000000000000107 /* GarmentRegistryModel.swift in Sources */ = {isa = PBXBuildFile; fileRef = A10000000000000000000207 /* GarmentRegistryModel.swift */; };
		A10000000000000000000108 /* GarmentRegistryView.swift in Sources */ = {isa = PBXBuildFile; fileRef = A10000000000000000000208 /* GarmentRegistryView.swift */; };
		A10000000000000000000109 /* GarmentEditorView.swift in Sources */ = {isa = PBXBuildFile; fileRef = A10000000000000000000209 /* GarmentEditorView.swift */; };
		A10000000000000000000110 /* GarmentDetailView.swift in Sources */ = {isa = PBXBuildFile; fileRef = A10000000000000000000210 /* GarmentDetailView.swift */; };
		A10000000000000000000111 /* CareAxisEditors.swift in Sources */ = {isa = PBXBuildFile; fileRef = A10000000000000000000211 /* CareAxisEditors.swift */; };
		A10000000000000000000112 /* SymbolReferenceSheet.swift in Sources */ = {isa = PBXBuildFile; fileRef = A10000000000000000000212 /* SymbolReferenceSheet.swift */; };
		A10000000000000000000113 /* TestPhotoSource.swift in Sources */ = {isa = PBXBuildFile; fileRef = A10000000000000000000213 /* TestPhotoSource.swift */; };
		A10000000000000000000114 /* CareLabelRegistryUITests.swift in Sources */ = {isa = PBXBuildFile; fileRef = A10000000000000000000214 /* CareLabelRegistryUITests.swift */; };
/* End PBXBuildFile section */

/* Begin PBXContainerItemProxy section */
		A10000000000000000000301 /* PBXContainerItemProxy */ = {
			isa = PBXContainerItemProxy;
			containerPortal = A10000000000000000000000 /* Project object */;
			proxyType = 1;
			remoteGlobalIDString = A10000000000000000000001;
			remoteInfo = CareLabel;
		};
/* End PBXContainerItemProxy section */

/* Begin PBXFileReference section */
		C10000000000000000000201 /* Assets.xcassets */ = {isa = PBXFileReference; lastKnownFileType = folder.assetcatalog; path = Assets.xcassets; sourceTree = "<group>"; };
		A10000000000000000000201 /* CareLabelApp.swift */ = {isa = PBXFileReference; lastKnownFileType = sourcecode.swift; path = CareLabelApp.swift; sourceTree = "<group>"; };
		A10000000000000000000203 /* CareLabelLaunchTests.swift */ = {isa = PBXFileReference; lastKnownFileType = sourcecode.swift; path = CareLabelLaunchTests.swift; sourceTree = "<group>"; };
		A10000000000000000000206 /* UIKitPhotoDownsampler.swift */ = {isa = PBXFileReference; lastKnownFileType = sourcecode.swift; path = UIKitPhotoDownsampler.swift; sourceTree = "<group>"; };
		A10000000000000000000207 /* GarmentRegistryModel.swift */ = {isa = PBXFileReference; lastKnownFileType = sourcecode.swift; path = GarmentRegistryModel.swift; sourceTree = "<group>"; };
		A10000000000000000000208 /* GarmentRegistryView.swift */ = {isa = PBXFileReference; lastKnownFileType = sourcecode.swift; path = GarmentRegistryView.swift; sourceTree = "<group>"; };
		A10000000000000000000209 /* GarmentEditorView.swift */ = {isa = PBXFileReference; lastKnownFileType = sourcecode.swift; path = GarmentEditorView.swift; sourceTree = "<group>"; };
		A10000000000000000000210 /* GarmentDetailView.swift */ = {isa = PBXFileReference; lastKnownFileType = sourcecode.swift; path = GarmentDetailView.swift; sourceTree = "<group>"; };
		A10000000000000000000211 /* CareAxisEditors.swift */ = {isa = PBXFileReference; lastKnownFileType = sourcecode.swift; path = CareAxisEditors.swift; sourceTree = "<group>"; };
		A10000000000000000000212 /* SymbolReferenceSheet.swift */ = {isa = PBXFileReference; lastKnownFileType = sourcecode.swift; path = SymbolReferenceSheet.swift; sourceTree = "<group>"; };
		A10000000000000000000213 /* TestPhotoSource.swift */ = {isa = PBXFileReference; lastKnownFileType = sourcecode.swift; path = TestPhotoSource.swift; sourceTree = "<group>"; };
		A10000000000000000000214 /* CareLabelRegistryUITests.swift */ = {isa = PBXFileReference; lastKnownFileType = sourcecode.swift; path = CareLabelRegistryUITests.swift; sourceTree = "<group>"; };
		A10000000000000000000204 /* CareLabel.app */ = {isa = PBXFileReference; explicitFileType = wrapper.application; includeInIndex = 0; path = CareLabel.app; sourceTree = BUILT_PRODUCTS_DIR; };
		A10000000000000000000205 /* CareLabelUITests.xctest */ = {isa = PBXFileReference; explicitFileType = wrapper.cfbundle; includeInIndex = 0; path = CareLabelUITests.xctest; sourceTree = BUILT_PRODUCTS_DIR; };
/* End PBXFileReference section */

/* Begin PBXFrameworksBuildPhase section */
		A10000000000000000000401 /* Frameworks */ = {
			isa = PBXFrameworksBuildPhase;
			buildActionMask = 2147483647;
			files = (A10000000000000000000104 /* CareKit in Frameworks */, A10000000000000000000105 /* CareStore in Frameworks */,);
			runOnlyForDeploymentPostprocessing = 0;
		};
		A10000000000000000000402 /* Frameworks */ = {
			isa = PBXFrameworksBuildPhase;
			buildActionMask = 2147483647;
			files = ();
			runOnlyForDeploymentPostprocessing = 0;
		};
/* End PBXFrameworksBuildPhase section */

/* Begin PBXGroup section */
		A10000000000000000000500 = {
			isa = PBXGroup;
			children = (
				A10000000000000000000501 /* App */,
				A10000000000000000000502 /* UITests */,
				A10000000000000000000503 /* Products */,
			);
			sourceTree = "<group>";
		};
		A10000000000000000000501 /* App */ = {
			isa = PBXGroup;
			children = (
				A10000000000000000000201 /* CareLabelApp.swift */,
				C10000000000000000000201 /* Assets.xcassets */,
				A10000000000000000000207 /* GarmentRegistryModel.swift */,
				A10000000000000000000208 /* GarmentRegistryView.swift */,
				A10000000000000000000209 /* GarmentEditorView.swift */,
				A10000000000000000000210 /* GarmentDetailView.swift */,
				A10000000000000000000211 /* CareAxisEditors.swift */,
				A10000000000000000000212 /* SymbolReferenceSheet.swift */,
				A10000000000000000000213 /* TestPhotoSource.swift */,
				A10000000000000000000206 /* UIKitPhotoDownsampler.swift */,
			);
			path = App;
			sourceTree = "<group>";
		};
		A10000000000000000000502 /* UITests */ = {
			isa = PBXGroup;
			children = (
				A10000000000000000000203 /* CareLabelLaunchTests.swift */,
				A10000000000000000000214 /* CareLabelRegistryUITests.swift */,
			);
			path = UITests;
			sourceTree = "<group>";
		};
		A10000000000000000000503 /* Products */ = {
			isa = PBXGroup;
			children = (
				A10000000000000000000204 /* CareLabel.app */,
				A10000000000000000000205 /* CareLabelUITests.xctest */,
			);
			name = Products;
			sourceTree = "<group>";
		};
/* End PBXGroup section */

/* Begin PBXNativeTarget section */
		A10000000000000000000001 /* CareLabel */ = {
			isa = PBXNativeTarget;
			buildConfigurationList = A10000000000000000000601 /* Build configuration list for PBXNativeTarget "CareLabel" */;
			buildPhases = (
				A10000000000000000000701 /* Sources */,
				A10000000000000000000401 /* Frameworks */,
				A10000000000000000000703 /* Resources */,
			);
			buildRules = ();
			dependencies = ();
			name = CareLabel;
			packageProductDependencies = (A10000000000000000000801 /* CareKit */, A10000000000000000000802 /* CareStore */,);
			productName = CareLabel;
			productReference = A10000000000000000000204 /* CareLabel.app */;
			productType = "com.apple.product-type.application";
		};
		A10000000000000000000002 /* CareLabelUITests */ = {
			isa = PBXNativeTarget;
			buildConfigurationList = A10000000000000000000602 /* Build configuration list for PBXNativeTarget "CareLabelUITests" */;
			buildPhases = (
				A10000000000000000000702 /* Sources */,
				A10000000000000000000402 /* Frameworks */,
				A10000000000000000000704 /* Resources */,
			);
			buildRules = ();
			dependencies = (A10000000000000000000302 /* PBXTargetDependency */,);
			name = CareLabelUITests;
			productName = CareLabelUITests;
			productReference = A10000000000000000000205 /* CareLabelUITests.xctest */;
			productType = "com.apple.product-type.bundle.ui-testing";
		};
/* End PBXNativeTarget section */

/* Begin PBXProject section */
		A10000000000000000000000 /* Project object */ = {
			isa = PBXProject;
			attributes = {
				BuildIndependentTargetsInParallel = 1;
				LastSwiftUpdateCheck = 2600;
				LastUpgradeCheck = 2600;
				TargetAttributes = {
					A10000000000000000000001 = {CreatedOnToolsVersion = 26.0;};
					A10000000000000000000002 = {CreatedOnToolsVersion = 26.0; TestTargetID = A10000000000000000000001;};
				};
			};
			buildConfigurationList = A10000000000000000000600 /* Build configuration list for PBXProject "CareLabel" */;
			compatibilityVersion = "Xcode 16.0";
			developmentRegion = en;
			hasScannedForEncodings = 0;
			knownRegions = (en, Base,);
			mainGroup = A10000000000000000000500;
			minimizedProjectReferenceProxies = 1;
			packageReferences = (A10000000000000000000800 /* XCLocalSwiftPackageReference "Packages/CareKit" */, A10000000000000000000803 /* XCLocalSwiftPackageReference "Packages/CareStore" */,);
			preferredProjectObjectVersion = 77;
			productRefGroup = A10000000000000000000503 /* Products */;
			projectDirPath = "";
			projectRoot = "";
			targets = (
				A10000000000000000000001 /* CareLabel */,
				A10000000000000000000002 /* CareLabelUITests */,
			);
		};
/* End PBXProject section */

/* Begin PBXResourcesBuildPhase section */
		A10000000000000000000703 /* Resources */ = {isa = PBXResourcesBuildPhase; buildActionMask = 2147483647; files = (C10000000000000000000101 /* Assets.xcassets in Resources */,); runOnlyForDeploymentPostprocessing = 0;};
		A10000000000000000000704 /* Resources */ = {isa = PBXResourcesBuildPhase; buildActionMask = 2147483647; files = (); runOnlyForDeploymentPostprocessing = 0;};
/* End PBXResourcesBuildPhase section */

/* Begin PBXSourcesBuildPhase section */
		A10000000000000000000701 /* Sources */ = {
			isa = PBXSourcesBuildPhase;
			buildActionMask = 2147483647;
			files = (
				A10000000000000000000101 /* CareLabelApp.swift in Sources */,
				A10000000000000000000107 /* GarmentRegistryModel.swift in Sources */,
				A10000000000000000000108 /* GarmentRegistryView.swift in Sources */,
				A10000000000000000000109 /* GarmentEditorView.swift in Sources */,
				A10000000000000000000110 /* GarmentDetailView.swift in Sources */,
				A10000000000000000000111 /* CareAxisEditors.swift in Sources */,
				A10000000000000000000112 /* SymbolReferenceSheet.swift in Sources */,
				A10000000000000000000113 /* TestPhotoSource.swift in Sources */,
				A10000000000000000000106 /* UIKitPhotoDownsampler.swift in Sources */,
			);
			runOnlyForDeploymentPostprocessing = 0;
		};
		A10000000000000000000702 /* Sources */ = {
			isa = PBXSourcesBuildPhase;
			buildActionMask = 2147483647;
			files = (
				A10000000000000000000103 /* CareLabelLaunchTests.swift in Sources */,
				A10000000000000000000114 /* CareLabelRegistryUITests.swift in Sources */,
			);
			runOnlyForDeploymentPostprocessing = 0;
		};
/* End PBXSourcesBuildPhase section */

/* Begin PBXTargetDependency section */
		A10000000000000000000302 /* PBXTargetDependency */ = {isa = PBXTargetDependency; target = A10000000000000000000001 /* CareLabel */; targetProxy = A10000000000000000000301 /* PBXContainerItemProxy */;};
/* End PBXTargetDependency section */

/* Begin XCBuildConfiguration section */
		A10000000000000000000901 /* Debug */ = {isa = XCBuildConfiguration; buildSettings = {CLANG_ENABLE_MODULES = YES; ENABLE_USER_SCRIPT_SANDBOXING = YES; IPHONEOS_DEPLOYMENT_TARGET = 26.0; ONLY_ACTIVE_ARCH = YES; SDKROOT = iphoneos; SWIFT_VERSION = 6.0;}; name = Debug;};
		A10000000000000000000902 /* Release */ = {isa = XCBuildConfiguration; buildSettings = {CLANG_ENABLE_MODULES = YES; ENABLE_USER_SCRIPT_SANDBOXING = YES; IPHONEOS_DEPLOYMENT_TARGET = 26.0; SDKROOT = iphoneos; SWIFT_COMPILATION_MODE = wholemodule; SWIFT_VERSION = 6.0;}; name = Release;};
		A10000000000000000000903 /* Debug */ = {
			isa = XCBuildConfiguration;
			buildSettings = {
				CODE_SIGNING_ALLOWED = NO;
				CODE_SIGNING_REQUIRED = NO;
				CURRENT_PROJECT_VERSION = 1;
				GENERATE_INFOPLIST_FILE = YES;
				INFOPLIST_KEY_CFBundleDisplayName = "Care Label";
				ASSETCATALOG_COMPILER_APPICON_NAME = AppIcon;
				INFOPLIST_KEY_UILaunchScreen_Generation = YES;
				IPHONEOS_DEPLOYMENT_TARGET = 26.0;
				MARKETING_VERSION = 0.1.0;
				PRODUCT_BUNDLE_IDENTIFIER = com.infinityball.carelabel;
				PRODUCT_NAME = "$(TARGET_NAME)";
				SUPPORTED_PLATFORMS = "iphoneos iphonesimulator";
				SWIFT_EMIT_LOC_STRINGS = YES;
				SWIFT_VERSION = 6.0;
				TARGETED_DEVICE_FAMILY = 1;
			};
			name = Debug;
		};
		A10000000000000000000904 /* Release */ = {
			isa = XCBuildConfiguration;
			buildSettings = {
				CODE_SIGNING_ALLOWED = NO;
				CODE_SIGNING_REQUIRED = NO;
				CURRENT_PROJECT_VERSION = 1;
				GENERATE_INFOPLIST_FILE = YES;
				INFOPLIST_KEY_CFBundleDisplayName = "Care Label";
				ASSETCATALOG_COMPILER_APPICON_NAME = AppIcon;
				INFOPLIST_KEY_UILaunchScreen_Generation = YES;
				IPHONEOS_DEPLOYMENT_TARGET = 26.0;
				MARKETING_VERSION = 0.1.0;
				PRODUCT_BUNDLE_IDENTIFIER = com.infinityball.carelabel;
				PRODUCT_NAME = "$(TARGET_NAME)";
				SUPPORTED_PLATFORMS = "iphoneos iphonesimulator";
				SWIFT_EMIT_LOC_STRINGS = YES;
				SWIFT_VERSION = 6.0;
				TARGETED_DEVICE_FAMILY = 1;
			};
			name = Release;
		};
		A10000000000000000000905 /* Debug */ = {
			isa = XCBuildConfiguration;
			buildSettings = {
				CODE_SIGNING_ALLOWED = NO;
				CODE_SIGNING_REQUIRED = NO;
				GENERATE_INFOPLIST_FILE = YES;
				IPHONEOS_DEPLOYMENT_TARGET = 26.0;
				PRODUCT_BUNDLE_IDENTIFIER = com.infinityball.carelabel.uitests;
				PRODUCT_NAME = "$(TARGET_NAME)";
				SUPPORTED_PLATFORMS = "iphoneos iphonesimulator";
				SWIFT_VERSION = 6.0;
				TARGETED_DEVICE_FAMILY = 1;
				TEST_TARGET_NAME = CareLabel;
			};
			name = Debug;
		};
		A10000000000000000000906 /* Release */ = {
			isa = XCBuildConfiguration;
			buildSettings = {
				CODE_SIGNING_ALLOWED = NO;
				CODE_SIGNING_REQUIRED = NO;
				GENERATE_INFOPLIST_FILE = YES;
				IPHONEOS_DEPLOYMENT_TARGET = 26.0;
				PRODUCT_BUNDLE_IDENTIFIER = com.infinityball.carelabel.uitests;
				PRODUCT_NAME = "$(TARGET_NAME)";
				SUPPORTED_PLATFORMS = "iphoneos iphonesimulator";
				SWIFT_VERSION = 6.0;
				TARGETED_DEVICE_FAMILY = 1;
				TEST_TARGET_NAME = CareLabel;
			};
			name = Release;
		};
/* End XCBuildConfiguration section */

/* Begin XCConfigurationList section */
		A10000000000000000000600 /* Build configuration list for PBXProject "CareLabel" */ = {isa = XCConfigurationList; buildConfigurations = (A10000000000000000000901 /* Debug */, A10000000000000000000902 /* Release */,); defaultConfigurationIsVisible = 0; defaultConfigurationName = Release;};
		A10000000000000000000601 /* Build configuration list for PBXNativeTarget "CareLabel" */ = {isa = XCConfigurationList; buildConfigurations = (A10000000000000000000903 /* Debug */, A10000000000000000000904 /* Release */,); defaultConfigurationIsVisible = 0; defaultConfigurationName = Release;};
		A10000000000000000000602 /* Build configuration list for PBXNativeTarget "CareLabelUITests" */ = {isa = XCConfigurationList; buildConfigurations = (A10000000000000000000905 /* Debug */, A10000000000000000000906 /* Release */,); defaultConfigurationIsVisible = 0; defaultConfigurationName = Release;};
/* End XCConfigurationList section */

/* Begin XCLocalSwiftPackageReference section */
		A10000000000000000000800 /* XCLocalSwiftPackageReference "Packages/CareKit" */ = {isa = XCLocalSwiftPackageReference; relativePath = Packages/CareKit;};
		A10000000000000000000803 /* XCLocalSwiftPackageReference "Packages/CareStore" */ = {isa = XCLocalSwiftPackageReference; relativePath = Packages/CareStore;};
/* End XCLocalSwiftPackageReference section */

/* Begin XCSwiftPackageProductDependency section */
		A10000000000000000000801 /* CareKit */ = {isa = XCSwiftPackageProductDependency; package = A10000000000000000000800 /* XCLocalSwiftPackageReference "Packages/CareKit" */; productName = CareKit;};
		A10000000000000000000802 /* CareStore */ = {isa = XCSwiftPackageProductDependency; package = A10000000000000000000803 /* XCLocalSwiftPackageReference "Packages/CareStore" */; productName = CareStore;};
/* End XCSwiftPackageProductDependency section */
	};
	rootObject = A10000000000000000000000 /* Project object */;
}
